// !$*UTF8*$!
{
	archiveVersion = 1;
	classes = {
	};
	objectVersion = 50;
	objects = {

/* Begin PBXBuildFile section */
		6E326DFE23FDE15D00F81E02 /* AppDelegate.swift in Sources */ = {isa = PBXBuildFile; fileRef = 6E326DFD23FDE15D00F81E02 /* AppDelegate.swift */; };
		6E326E0023FDE15D00F81E02 /* SceneDelegate.swift in Sources */ = {isa = PBXBuildFile; fileRef = 6E326DFF23FDE15D00F81E02 /* SceneDelegate.swift */; };
		6E326E0223FDE15D00F81E02 /* ContentView.swift in Sources */ = {isa = PBXBuildFile; fileRef = 6E326E0123FDE15D00F81E02 /* ContentView.swift */; };
		6E326E0423FDE16100F81E02 /* Assets.xcassets in Resources */ = {isa = PBXBuildFile; fileRef = 6E326E0323FDE16100F81E02 /* Assets.xcassets */; };
		6E326E0723FDE16100F81E02 /* Preview Assets.xcassets in Resources */ = {isa = PBXBuildFile; fileRef = 6E326E0623FDE16100F81E02 /* Preview Assets.xcassets */; };
		6E326E0A23FDE16100F81E02 /* LaunchScreen.storyboard in Resources */ = {isa = PBXBuildFile; fileRef = 6E326E0823FDE16100F81E02 /* LaunchScreen.storyboard */; };
		6E326E1523FDE16100F81E02 /* GymnoTests.swift in Sources */ = {isa = PBXBuildFile; fileRef = 6E326E1423FDE16100F81E02 /* GymnoTests.swift */; };
		6E326E2023FDE16200F81E02 /* GymnoUITests.swift in Sources */ = {isa = PBXBuildFile; fileRef = 6E326E1F23FDE16200F81E02 /* GymnoUITests.swift */; };
/* End PBXBuildFile section */

/* Begin PBXContainerItemProxy section */
		6E326E1123FDE16100F81E02 /* PBXContainerItemProxy */ = {
			isa = PBXContainerItemProxy;
			containerPortal = 6E326DF223FDE15D00F81E02 /* Project object */;
			proxyType = 1;
			remoteGlobalIDString = 6E326DF923FDE15D00F81E02;
			remoteInfo = Gymno;
		};
		6E326E1C23FDE16200F81E02 /* PBXContainerItemProxy */ = {
			isa = PBXContainerItemProxy;
			containerPortal = 6E326DF223FDE15D00F81E02 /* Project object */;
			proxyType = 1;
			remoteGlobalIDString = 6E326DF923FDE15D00F81E02;
			remoteInfo = Gymno;
		};
/* End PBXContainerItemProxy section */

/* Begin PBXFileReference section */
		6E326DFA23FDE15D00F81E02 /* Gymno.app */ = {isa = PBXFileReference; explicitFileType = wrapper.application; includeInIndex = 0; path = Gymno.app; sourceTree = BUILT_PRODUCTS_DIR; };
		6E326DFD23FDE15D00F81E02 /* AppDelegate.swift */ = {isa = PBXFileReference; lastKnownFileType = sourcecode.swift; path = AppDelegate.swift; sourceTree = "<group>"; };
		6E326DFF23FDE15D00F81E02 /* SceneDelegate.swift */ = {isa = PBXFileReference; lastKnownFileType = sourcecode.swift; path = SceneDelegate.swift; sourceTree = "<group>"; };
		6E326E0123FDE15D00F81E02 /* ContentView.swift */ = {isa = PBXFileReference; lastKnownFileType = sourcecode.swift; path = ContentView.swift; sourceTree = "<group>"; };
		6E326E0323FDE16100F81E02 /* Assets.xcassets */ = {isa = PBXFileReference; lastKnownFileType = folder.assetcatalog; path = Assets.xcassets; sourceTree = "<group>"; };
		6E326E0623FDE16100F81E02 /* Preview Assets.xcassets */ = {isa = PBXFileReference; lastKnownFileType = folder.assetcatalog; path = "Preview Assets.xcassets"; sourceTree = "<group>"; };
		6E326E0923FDE16100F81E02 /* Base */ = {isa = PBXFileReference; lastKnownFileType = file.storyboard; name = Base; path = Base.lproj/LaunchScreen.storyboard; sourceTree = "<group>"; };
		6E326E0B23FDE16100F81E02 /* Info.plist */ = {isa = PBXFileReference; lastKnownFileType = text.plist.xml; path = Info.plist; sourceTree = "<group>"; };
		6E326E1023FDE16100F81E02 /* GymnoTests.xctest */ = {isa = PBXFileReference; explicitFileType = wrapper.cfbundle; includeInIndex = 0; path = GymnoTests.xctest; sourceTree = BUILT_PRODUCTS_DIR; };
		6E326E1423FDE16100F81E02 /* GymnoTests.swift */ = {isa = PBXFileReference; lastKnownFileType = sourcecode.swift; path = GymnoTests.swift; sourceTree = "<group>"; };
		6E326E1623FDE16100F81E02 /* Info.plist */ = {isa = PBXFileReference; lastKnownFileType = text.plist.xml; path = Info.plist; sourceTree = "<group>"; };
		6E326E1B23FDE16200F81E02 /* GymnoUITests.xctest */ = {isa = PBXFileReference; explicitFileType = wrapper.cfbundle; includeInIndex = 0; path = GymnoUITests.xctest; sourceTree = BUILT_PRODUCTS_DIR; };
		6E326E1F23FDE16200F81E02 /* GymnoUITests.swift */ = {isa = PBXFileReference; lastKnownFileType = sourcecode.swift; path = GymnoUITests.swift; sourceTree = "<group>"; };
		6E326E2123FDE16200F81E02 /* Info.plist */ = {isa = PBXFileReference; lastKnownFileType = text.plist.xml; path = Info.plist; sourceTree = "<group>"; };
/* End PBXFileReference section */

/* Begin PBXFrameworksBuildPhase section */
		6E326DF723FDE15D00F81E02 /* Frameworks */ = {
			isa = PBXFrameworksBuildPhase;
			buildActionMask = 2147483647;
			files = (
			);
			runOnlyForDeploymentPostprocessing = 0;
		};
		6E326E0D23FDE16100F81E02 /* Frameworks */ = {
			isa = PBXFrameworksBuildPhase;
			buildActionMask = 2147483647;
			files = (
			);
			runOnlyForDeploymentPostprocessing = 0;
		};
		6E326E1823FDE16200F81E02 /* Frameworks */ = {
			isa = PBXFrameworksBuildPhase;
			buildActionMask = 2147483647;
			files = (
			);
			runOnlyForDeploymentPostprocessing = 0;
		};
/* End PBXFrameworksBuildPhase section */

/* Begin PBXGroup section */
		6E326DF123FDE15D00F81E02 = {
			isa = PBXGroup;
			children = (
				6E326DFC23FDE15D00F81E02 /* Gymno */,
				6E326E1323FDE16100F81E02 /* GymnoTests */,
				6E326E1E23FDE16200F81E02 /* GymnoUITests */,
				6E326DFB23FDE15D00F81E02 /* Products */,
			);
			sourceTree = "<group>";
		};
		6E326DFB23FDE15D00F81E02 /* Products */ = {
			isa = PBXGroup;
			children = (
				6E326DFA23FDE15D00F81E02 /* Gymno.app */,
				6E326E1023FDE16100F81E02 /* GymnoTests.xctest */,
				6E326E1B23FDE16200F81E02 /* GymnoUITests.xctest */,
			);
			name = Products;
			sourceTree = "<group>";
		};
		6E326DFC23FDE15D00F81E02 /* Gymno */ = {
			isa = PBXGroup;
			children = (
				6E326DFD23FDE15D00F81E02 /* AppDelegate.swift */,
				6E326DFF23FDE15D00F81E02 /* SceneDelegate.swift */,
				6E326E0123FDE15D00F81E02 /* ContentView.swift */,
				6E326E0323FDE16100F81E02 /* Assets.xcassets */,
				6E326E0823FDE16100F81E02 /* LaunchScreen.storyboard */,
				6E326E0B23FDE16100F81E02 /* Info.plist */,
				6E326E0523FDE16100F81E02 /* Preview Content */,
			);
			path = Gymno;
			sourceTree = "<group>";
		};
		6E326E0523FDE16100F81E02 /* Preview Content */ = {
			isa = PBXGroup;
			children = (
				6E326E0623FDE16100F81E02 /* Preview Assets.xcassets */,
			);
			path = "Preview Content";
			sourceTree = "<group>";
		};
		6E326E1323FDE16100F81E02 /* GymnoTests */ = {
			isa = PBXGroup;
			children = (
				6E326E1423FDE16100F81E02 /* GymnoTests.swift */,
				6E326E1623FDE16100F81E02 /* Info.plist */,
			);
			path = GymnoTests;
			sourceTree = "<group>";
		};
		6E326E1E23FDE16200F81E02 /* GymnoUITests */ = {
			isa = PBXGroup;
			children = (
				6E326E1F23FDE16200F81E02 /* GymnoUITests.swift */,
				6E326E2123FDE16200F81E02 /* Info.plist */,
			);
			path = GymnoUITests;
			sourceTree = "<group>";
		};
/* End PBXGroup section */

/* Begin PBXNativeTarget section */
		6E326DF923FDE15D00F81E02 /* Gymno */ = {
			isa = PBXNativeTarget;
			buildConfigurationList = 6E326E2423FDE16200F81E02 /* Build configuration list for PBXNativeTarget "Gymno" */;
			buildPhases = (
				6E326DF623FDE15D00F81E02 /* Sources */,
				6E326DF723FDE15D00F81E02 /* Frameworks */,
				6E326DF823FDE15D00F81E02 /* Resources */,
			);
			buildRules = (
			);
			dependencies = (
			);
			name = Gymno;
			productName = Gymno;
			productReference = 6E326DFA23FDE15D00F81E02 /* Gymno.app */;
			productType = "com.apple.product-type.application";
		};
		6E326E0F23FDE16100F81E02 /* GymnoTests */ = {
			isa = PBXNativeTarget;
			buildConfigurationList = 6E326E2723FDE16200F81E02 /* Build configuration list for PBXNativeTarget "GymnoTests" */;
			buildPhases = (
				6E326E0C23FDE16100F81E02 /* Sources */,
				6E326E0D23FDE16100F81E02 /* Frameworks */,
				6E326E0E23FDE16100F81E02 /* Resources */,
			);
			buildRules = (
			);
			dependencies = (
				6E326E1223FDE16100F81E02 /* PBXTargetDependency */,
			);
			name = GymnoTests;
			productName = GymnoTests;
			productReference = 6E326E1023FDE16100F81E02 /* GymnoTests.xctest */;
			productType = "com.apple.product-type.bundle.unit-test";
		};
		6E326E1A23FDE16200F81E02 /* GymnoUITests */ = {
			isa = PBXNativeTarget;
			buildConfigurationList = 6E326E2A23FDE16200F81E02 /* Build configuration list for PBXNativeTarget "GymnoUITests" */;
			buildPhases = (
				6E326E1723FDE16200F81E02 /* Sources */,
				6E326E1823FDE16200F81E02 /* Frameworks */,
				6E326E1923FDE16200F81E02 /* Resources */,
			);
			buildRules = (
			);
			dependencies = (
				6E326E1D23FDE16200F81E02 /* PBXTargetDependency */,
			);
			name = GymnoUITests;
			productName = GymnoUITests;
			productReference = 6E326E1B23FDE16200F81E02 /* GymnoUITests.xctest */;
			productType = "com.apple.product-type.bundle.ui-testing";
		};
/* End PBXNativeTarget section */

/* Begin PBXProject section */
		6E326DF223FDE15D00F81E02 /* Project object */ = {
			isa = PBXProject;
			attributes = {
				LastSwiftUpdateCheck = 1130;
				LastUpgradeCheck = 1130;
				ORGANIZATIONNAME = "Mitchell Budge";
				TargetAttributes = {
					6E326DF923FDE15D00F81E02 = {
						CreatedOnToolsVersion = 11.3.1;
					};
					6E326E0F23FDE16100F81E02 = {
						CreatedOnToolsVersion = 11.3.1;
						TestTargetID = 6E326DF923FDE15D00F81E02;
					};
					6E326E1A23FDE16200F81E02 = {
						CreatedOnToolsVersion = 11.3.1;
						TestTargetID = 6E326DF923FDE15D00F81E02;
					};
				};
			};
			buildConfigurationList = 6E326DF523FDE15D00F81E02 /* Build configuration list for PBXProject "Gymno" */;
			compatibilityVersion = "Xcode 9.3";
			developmentRegion = en;
			hasScannedForEncodings = 0;
			knownRegions = (
				en,
				Base,
			);
			mainGroup = 6E326DF123FDE15D00F81E02;
			productRefGroup = 6E326DFB23FDE15D00F81E02 /* Products */;
			projectDirPath = "";
			projectRoot = "";
			targets = (
				6E326DF923FDE15D00F81E02 /* Gymno */,
				6E326E0F23FDE16100F81E02 /* GymnoTests */,
				6E326E1A23FDE16200F81E02 /* GymnoUITests */,
			);
		};
/* End PBXProject section */

/* Begin PBXResourcesBuildPhase section */
		6E326DF823FDE15D00F81E02 /* Resources */ = {
			isa = PBXResourcesBuildPhase;
			buildActionMask = 2147483647;
			files = (
				6E326E0A23FDE16100F81E02 /* LaunchScreen.storyboard in Resources */,
				6E326E0723FDE16100F81E02 /* Preview Assets.xcassets in Resources */,
				6E326E0423FDE16100F81E02 /* Assets.xcassets in Resources */,
			);
			runOnlyForDeploymentPostprocessing = 0;
		};
		6E326E0E23FDE16100F81E02 /* Resources */ = {
			isa = PBXResourcesBuildPhase;
			buildActionMask = 2147483647;
			files = (
			);
			runOnlyForDeploymentPostprocessing = 0;
		};
		6E326E1923FDE16200F81E02 /* Resources */ = {
			isa = PBXResourcesBuildPhase;
			buildActionMask = 2147483647;
			files = (
			);
			runOnlyForDeploymentPostprocessing = 0;
		};
/* End PBXResourcesBuildPhase section */

/* Begin PBXSourcesBuildPhase section */
		6E326DF623FDE15D00F81E02 /* Sources */ = {
			isa = PBXSourcesBuildPhase;
			buildActionMask = 2147483647;
			files = (
				6E326DFE23FDE15D00F81E02 /* AppDelegate.swift in Sources */,
				6E326E0023FDE15D00F81E02 /* SceneDelegate.swift in Sources */,
				6E326E0223FDE15D00F81E02 /* ContentView.swift in Sources */,
			);
			runOnlyForDeploymentPostprocessing = 0;
		};
		6E326E0C23FDE16100F81E02 /* Sources */ = {
			isa = PBXSourcesBuildPhase;
			buildActionMask = 2147483647;
			files = (
				6E326E1523FDE16100F81E02 /* GymnoTests.swift in Sources */,
			);
			runOnlyForDeploymentPostprocessing = 0;
		};
		6E326E1723FDE16200F81E02 /* Sources */ = {
			isa = PBXSourcesBuildPhase;
			buildActionMask = 2147483647;
			files = (
				6E326E2023FDE16200F81E02 /* GymnoUITests.swift in Sources */,
			);
			runOnlyForDeploymentPostprocessing = 0;
		};
/* End PBXSourcesBuildPhase section */

/* Begin PBXTargetDependency section */
		6E326E1223FDE16100F81E02 /* PBXTargetDependency */ = {
			isa = PBXTargetDependency;
			target = 6E326DF923FDE15D00F81E02 /* Gymno */;
			targetProxy = 6E326E1123FDE16100F81E02 /* PBXContainerItemProxy */;
		};
		6E326E1D23FDE16200F81E02 /* PBXTargetDependency */ = {
			isa = PBXTargetDependency;
			target = 6E326DF923FDE15D00F81E02 /* Gymno */;
			targetProxy = 6E326E1C23FDE16200F81E02 /* PBXContainerItemProxy */;
		};
/* End PBXTargetDependency section */

/* Begin PBXVariantGroup section */
		6E326E0823FDE16100F81E02 /* LaunchScreen.storyboard */ = {
			isa = PBXVariantGroup;
			children = (
				6E326E0923FDE16100F81E02 /* Base */,
			);
			name = LaunchScreen.storyboard;
			sourceTree = "<group>";
		};
/* End PBXVariantGroup section */

/* Begin XCBuildConfiguration section */
		6E326E2223FDE16200F81E02 /* Debug */ = {
			isa = XCBuildConfiguration;
			buildSettings = {
				ALWAYS_SEARCH_USER_PATHS = NO;
				CLANG_ANALYZER_NONNULL = YES;
				CLANG_ANALYZER_NUMBER_OBJECT_CONVERSION = YES_AGGRESSIVE;
				CLANG_CXX_LANGUAGE_STANDARD = "gnu++14";
				CLANG_CXX_LIBRARY = "libc++";
				CLANG_ENABLE_MODULES = YES;
				CLANG_ENABLE_OBJC_ARC = YES;
				CLANG_ENABLE_OBJC_WEAK = YES;
				CLANG_WARN_BLOCK_CAPTURE_AUTORELEASING = YES;
				CLANG_WARN_BOOL_CONVERSION = YES;
				CLANG_WARN_COMMA = YES;
				CLANG_WARN_CONSTANT_CONVERSION = YES;
				CLANG_WARN_DEPRECATED_OBJC_IMPLEMENTATIONS = YES;
				CLANG_WARN_DIRECT_OBJC_ISA_USAGE = YES_ERROR;
				CLANG_WARN_DOCUMENTATION_COMMENTS = YES;
				CLANG_WARN_EMPTY_BODY = YES;
				CLANG_WARN_ENUM_CONVERSION = YES;
				CLANG_WARN_INFINITE_RECURSION = YES;
				CLANG_WARN_INT_CONVERSION = YES;
				CLANG_WARN_NON_LITERAL_NULL_CONVERSION = YES;
				CLANG_WARN_OBJC_IMPLICIT_RETAIN_SELF = YES;
				CLANG_WARN_OBJC_LITERAL_CONVERSION = YES;
				CLANG_WARN_OBJC_ROOT_CLASS = YES_ERROR;
				CLANG_WARN_RANGE_LOOP_ANALYSIS = YES;
				CLANG_WARN_STRICT_PROTOTYPES = YES;
				CLANG_WARN_SUSPICIOUS_MOVE = YES;
				CLANG_WARN_UNGUARDED_AVAILABILITY = YES_AGGRESSIVE;
				CLANG_WARN_UNREACHABLE_CODE = YES;
				CLANG_WARN__DUPLICATE_METHOD_MATCH = YES;
				COPY_PHASE_STRIP = NO;
				DEBUG_INFORMATION_FORMAT = dwarf;
				ENABLE_STRICT_OBJC_MSGSEND = YES;
				ENABLE_TESTABILITY = YES;
				GCC_C_LANGUAGE_STANDARD = gnu11;
				GCC_DYNAMIC_NO_PIC = NO;
				GCC_NO_COMMON_BLOCKS = YES;
				GCC_OPTIMIZATION_LEVEL = 0;
				GCC_PREPROCESSOR_DEFINITIONS = (
					"DEBUG=1",
					"$(inherited)",
				);
				GCC_WARN_64_TO_32_BIT_CONVERSION = YES;
				GCC_WARN_ABOUT_RETURN_TYPE = YES_ERROR;
				GCC_WARN_UNDECLARED_SELECTOR = YES;
				GCC_WARN_UNINITIALIZED_AUTOS = YES_AGGRESSIVE;
				GCC_WARN_UNUSED_FUNCTION = YES;
				GCC_WARN_UNUSED_VARIABLE = YES;
				IPHONEOS_DEPLOYMENT_TARGET = 13.2;
				MTL_ENABLE_DEBUG_INFO = INCLUDE_SOURCE;
				MTL_FAST_MATH = YES;
				ONLY_ACTIVE_ARCH = YES;
				SDKROOT = iphoneos;
				SWIFT_ACTIVE_COMPILATION_CONDITIONS = DEBUG;
				SWIFT_OPTIMIZATION_LEVEL = "-Onone";
			};
			name = Debug;
		};
		6E326E2323FDE16200F81E02 /* Release */ = {
			isa = XCBuildConfiguration;
			buildSettings = {
				ALWAYS_SEARCH_USER_PATHS = NO;
				CLANG_ANALYZER_NONNULL = YES;
				CLANG_ANALYZER_NUMBER_OBJECT_CONVERSION = YES_AGGRESSIVE;
				CLANG_CXX_LANGUAGE_STANDARD = "gnu++14";
				CLANG_CXX_LIBRARY = "libc++";
				CLANG_ENABLE_MODULES = YES;
				CLANG_ENABLE_OBJC_ARC = YES;
				CLANG_ENABLE_OBJC_WEAK = YES;
				CLANG_WARN_BLOCK_CAPTURE_AUTORELEASING = YES;
				CLANG_WARN_BOOL_CONVERSION = YES;
				CLANG_WARN_COMMA = YES;
				CLANG_WARN_CONSTANT_CONVERSION = YES;
				CLANG_WARN_DEPRECATED_OBJC_IMPLEMENTATIONS = YES;
				CLANG_WARN_DIRECT_OBJC_ISA_USAGE = YES_ERROR;
				CLANG_WARN_DOCUMENTATION_COMMENTS = YES;
				CLANG_WARN_EMPTY_BODY = YES;
				CLANG_WARN_ENUM_CONVERSION = YES;
				CLANG_WARN_INFINITE_RECURSION = YES;
				CLANG_WARN_INT_CONVERSION = YES;
				CLANG_WARN_NON_LITERAL_NULL_CONVERSION = YES;
				CLANG_WARN_OBJC_IMPLICIT_RETAIN_SELF = YES;
				CLANG_WARN_OBJC_LITERAL_CONVERSION = YES;
				CLANG_WARN_OBJC_ROOT_CLASS = YES_ERROR;
				CLANG_WARN_RANGE_LOOP_ANALYSIS = YES;
				CLANG_WARN_STRICT_PROTOTYPES = YES;
				CLANG_WARN_SUSPICIOUS_MOVE = YES;
				CLANG_WARN_UNGUARDED_AVAILABILITY = YES_AGGRESSIVE;
				CLANG_WARN_UNREACHABLE_CODE = YES;
				CLANG_WARN__DUPLICATE_METHOD_MATCH = YES;
				COPY_PHASE_STRIP = NO;
				DEBUG_INFORMATION_FORMAT = "dwarf-with-dsym";
				ENABLE_NS_ASSERTIONS = NO;
				ENABLE_STRICT_OBJC_MSGSEND = YES;
				GCC_C_LANGUAGE_STANDARD = gnu11;
				GCC_NO_COMMON_BLOCKS = YES;
				GCC_WARN_64_TO_32_BIT_CONVERSION = YES;
				GCC_WARN_ABOUT_RETURN_TYPE = YES_ERROR;
				GCC_WARN_UNDECLARED_SELECTOR = YES;
				GCC_WARN_UNINITIALIZED_AUTOS = YES_AGGRESSIVE;
				GCC_WARN_UNUSED_FUNCTION = YES;
				GCC_WARN_UNUSED_VARIABLE = YES;
				IPHONEOS_DEPLOYMENT_TARGET = 13.2;
				MTL_ENABLE_DEBUG_INFO = NO;
				MTL_FAST_MATH = YES;
				SDKROOT = iphoneos;
				SWIFT_COMPILATION_MODE = wholemodule;
				SWIFT_OPTIMIZATION_LEVEL = "-O";
				VALIDATE_PRODUCT = YES;
			};
			name = Release;
		};
		6E326E2523FDE16200F81E02 /* Debug */ = {
			isa = XCBuildConfiguration;
			buildSettings = {
				ASSETCATALOG_COMPILER_APPICON_NAME = AppIcon;
				CODE_SIGN_STYLE = Automatic;
				DEVELOPMENT_ASSET_PATHS = "\"Gymno/Preview Content\"";
				DEVELOPMENT_TEAM = K3F959XXFV;
				ENABLE_PREVIEWS = YES;
				INFOPLIST_FILE = Gymno/Info.plist;
				LD_RUNPATH_SEARCH_PATHS = (
					"$(inherited)",
					"@executable_path/Frameworks",
				);
				PRODUCT_BUNDLE_IDENTIFIER = com.Gymno;
				PRODUCT_NAME = "$(TARGET_NAME)";
				SWIFT_VERSION = 5.0;
				TARGETED_DEVICE_FAMILY = "1,2";
			};
			name = Debug;
		};
		6E326E2623FDE16200F81E02 /* Release */ = {
			isa = XCBuildConfiguration;
			buildSettings = {
				ASSETCATALOG_COMPILER_APPICON_NAME = AppIcon;
				CODE_SIGN_STYLE = Automatic;
				DEVELOPMENT_ASSET_PATHS = "\"Gymno/Preview Content\"";
				DEVELOPMENT_TEAM = K3F959XXFV;
				ENABLE_PREVIEWS = YES;
				INFOPLIST_FILE = Gymno/Info.plist;
				LD_RUNPATH_SEARCH_PATHS = (
					"$(inherited)",
					"@executable_path/Frameworks",
				);
				PRODUCT_BUNDLE_IDENTIFIER = com.Gymno;
				PRODUCT_NAME = "$(TARGET_NAME)";
				SWIFT_VERSION = 5.0;
				TARGETED_DEVICE_FAMILY = "1,2";
			};
			name = Release;
		};
		6E326E2823FDE16200F81E02 /* Debug */ = {
			isa = XCBuildConfiguration;
			buildSettings = {
				ALWAYS_EMBED_SWIFT_STANDARD_LIBRARIES = YES;
				BUNDLE_LOADER = "$(TEST_HOST)";
				CODE_SIGN_STYLE = Automatic;
				DEVELOPMENT_TEAM = K3F959XXFV;
				INFOPLIST_FILE = GymnoTests/Info.plist;
				IPHONEOS_DEPLOYMENT_TARGET = 13.2;
				LD_RUNPATH_SEARCH_PATHS = (
					"$(inherited)",
					"@executable_path/Frameworks",
					"@loader_path/Frameworks",
				);
				PRODUCT_BUNDLE_IDENTIFIER = com.GymnoTests;
				PRODUCT_NAME = "$(TARGET_NAME)";
				SWIFT_VERSION = 5.0;
				TARGETED_DEVICE_FAMILY = "1,2";
				TEST_HOST = "$(BUILT_PRODUCTS_DIR)/Gymno.app/Gymno";
			};
			name = Debug;
		};
		6E326E2923FDE16200F81E02 /* Release */ = {
			isa = XCBuildConfiguration;
			buildSettings = {
				ALWAYS_EMBED_SWIFT_STANDARD_LIBRARIES = YES;
				BUNDLE_LOADER = "$(TEST_HOST)";
				CODE_SIGN_STYLE = Automatic;
				DEVELOPMENT_TEAM = K3F959XXFV;
				INFOPLIST_FILE = GymnoTests/Info.plist;
				IPHONEOS_DEPLOYMENT_TARGET = 13.2;
				LD_RUNPATH_SEARCH_PATHS = (
					"$(inherited)",
					"@executable_path/Frameworks",
					"@loader_path/Frameworks",
				);
				PRODUCT_BUNDLE_IDENTIFIER = com.GymnoTests;
				PRODUCT_NAME = "$(TARGET_NAME)";
				SWIFT_VERSION = 5.0;
				TARGETED_DEVICE_FAMILY = "1,2";
				TEST_HOST = "$(BUILT_PRODUCTS_DIR)/Gymno.app/Gymno";
			};
			name = Release;
		};
		6E326E2B23FDE16200F81E02 /* Debug */ = {
			isa = XCBuildConfiguration;
			buildSettings = {
				ALWAYS_EMBED_SWIFT_STANDARD_LIBRARIES = YES;
				CODE_SIGN_STYLE = Automatic;
				DEVELOPMENT_TEAM = K3F959XXFV;
				INFOPLIST_FILE = GymnoUITests/Info.plist;
				LD_RUNPATH_SEARCH_PATHS = (
					"$(inherited)",
					"@executable_path/Frameworks",
					"@loader_path/Frameworks",
				);
				PRODUCT_BUNDLE_IDENTIFIER = com.GymnoUITests;
				PRODUCT_NAME = "$(TARGET_NAME)";
				SWIFT_VERSION = 5.0;
				TARGETED_DEVICE_FAMILY = "1,2";
				TEST_TARGET_NAME = Gymno;
			};
			name = Debug;
		};
		6E326E2C23FDE16200F81E02 /* Release */ = {
			isa = XCBuildConfiguration;
			buildSettings = {
				ALWAYS_EMBED_SWIFT_STANDARD_LIBRARIES = YES;
				CODE_SIGN_STYLE = Automatic;
				DEVELOPMENT_TEAM = K3F959XXFV;
				INFOPLIST_FILE = GymnoUITests/Info.plist;
				LD_RUNPATH_SEARCH_PATHS = (
					"$(inherited)",
					"@executable_path/Frameworks",
					"@loader_path/Frameworks",
				);
				PRODUCT_BUNDLE_IDENTIFIER = com.GymnoUITests;
				PRODUCT_NAME = "$(TARGET_NAME)";
				SWIFT_VERSION = 5.0;
				TARGETED_DEVICE_FAMILY = "1,2";
				TEST_TARGET_NAME = Gymno;
			};
			name = Release;
		};
/* End XCBuildConfiguration section */

/* Begin XCConfigurationList section */
		6E326DF523FDE15D00F81E02 /* Build configuration list for PBXProject "Gymno" */ = {
			isa = XCConfigurationList;
			buildConfigurations = (
				6E326E2223FDE16200F81E02 /* Debug */,
				6E326E2323FDE16200F81E02 /* Release */,
			);
			defaultConfigurationIsVisible = 0;
			defaultConfigurationName = Release;
		};
		6E326E2423FDE16200F81E02 /* Build configuration list for PBXNativeTarget "Gymno" */ = {
			isa = XCConfigurationList;
			buildConfigurations = (
				6E326E2523FDE16200F81E02 /* Debug */,
				6E326E2623FDE16200F81E02 /* Release */,
			);
			defaultConfigurationIsVisible = 0;
			defaultConfigurationName = Release;
		};
		6E326E2723FDE16200F81E02 /* Build configuration list for PBXNativeTarget "GymnoTests" */ = {
			isa = XCConfigurationList;
			buildConfigurations = (
				6E326E2823FDE16200F81E02 /* Debug */,
				6E326E2923FDE16200F81E02 /* Release */,
			);
			defaultConfigurationIsVisible = 0;
			defaultConfigurationName = Release;
		};
		6E326E2A23FDE16200F81E02 /* Build configuration list for PBXNativeTarget "GymnoUITests" */ = {
			isa = XCConfigurationList;
			buildConfigurations = (
				6E326E2B23FDE16200F81E02 /* Debug */,
				6E326E2C23FDE16200F81E02 /* Release */,
			);
			defaultConfigurationIsVisible = 0;
			defaultConfigurationName = Release;
		};
/* End XCConfigurationList section */
	};
	rootObject = 6E326DF223FDE15D00F81E02 /* Project object */;
}
